
Microsoft Visual Studio Solution File, Format Version 12.00
# Visual Studio 2013
VisualStudioVersion = 12.0.30501.0
MinimumVisualStudioVersion = 10.0.40219.1
Project("{FAE04EC0-301F-11D3-BF4B-00C04F79EFBC}") = "DemoClient", "Demo\DemoClient.csproj", "{C254B03D-EE95-4B0A-959E-0946A6803A43}"
EndProject
Project("{FAE04EC0-301F-11D3-BF4B-00C04F79EFBC}") = "Carousel3D", "Carousel3D\Carousel3D.csproj", "{C976C467-CAF9-439C-8797-72C293AB49FD}"
EndProject
Global
	GlobalSection(SolutionConfigurationPlatforms) = preSolution
		Debug|Any CPU = Debug|Any CPU
		Release|Any CPU = Release|Any CPU
	EndGlobalSection
	GlobalSection(ProjectConfigurationPlatforms) = postSolution
		{C254B03D-EE95-4B0A-959E-0946A6803A43}.Debug|Any CPU.ActiveCfg = Debug|Any CPU
		{C254B03D-EE95-4B0A-959E-0946A6803A43}.Debug|Any CPU.Build.0 = Debug|Any CPU
		{C254B03D-EE95-4B0A-959E-0946A6803A43}.Release|Any CPU.ActiveCfg = Release|Any CPU
		{C254B03D-EE95-4B0A-959E-0946A6803A43}.Release|Any CPU.Build.0 = Release|Any CPU
		{C976C467-CAF9-439C-8797-72C293AB49FD}.Debug|Any CPU.ActiveCfg = Debug|Any CPU
		{C976C467-CAF9-439C-8797-72C293AB49FD}.Debug|Any CPU.Build.0 = Debug|Any CPU
		{C976C467-CAF9-439C-8797-72C293AB49FD}.Release|Any CPU.ActiveCfg = Release|Any CPU
		{C976C467-CAF9-439C-8797-72C293AB49FD}.Release|Any CPU.Build.0 = Release|Any CPU
	EndGlobalSection
	GlobalSection(SolutionProperties) = preSolution
		HideSolutionNode = FALSE
	EndGlobalSection
EndGlobal
